{
  "name": "patchable-vuln",
  "version": "1.0.0",
  "lockfileVersion": 1,
  "requires": true,
  "dependencies": {
    "humanize-ms": {
      "version": "1.0.2",
      "resolved": "https://registry.npmjs.org/humanize-ms/-/humanize-ms-1.0.2.tgz",
      "integrity": "sha1-mGj7L3vuzRa58Lr/xTxFITvT/L0=",
      "requires": {
        "ms": "~0.7.0"
      },
      "dependencies": {
        "ms": {
          "version": "0.7.3",
          "resolved": "https://registry.npmjs.org/ms/-/ms-0.7.3.tgz",
          "integrity": "sha1-cIFVpeROM/X9D8U+gdDUCpG+H/8="
        }
      }
    },
    "ms": {
      "version": "2.0.0",
      "resolved": "https://registry.npmjs.org/ms/-/ms-2.0.0.tgz",
      "integrity": "sha1-VgiurfwAvmwpAd9fmGF4jeDVl8g="
    },
    "qs": {
      "version": "6.0.4",
      "resolved": "https://registry.npmjs.org/qs/-/qs-6.0.4.tgz",
      "integrity": "sha1-UQGdhHIMk5uCc36EVWp4Izjs6ns="
    }
  }
}
